
Microsoft Visual Studio Solution File, Format Version 12.00
# Visual Studio Version 17
VisualStudioVersion = 17.5.33530.505
MinimumVisualStudioVersion = 10.0.40219.1
Project("{FAE04EC0-301F-11D3-BF4B-00C04F79EFBC}") = "Web", "Web\Web.csproj", "{FBCC43D5-71CA-4FB3-900A-8F56271A96B6}"
EndProject
Global
	GlobalSection(SolutionConfigurationPlatforms) = preSolution
		Debug|Any CPU = Debug|Any CPU
		Release|Any CPU = Release|Any CPU
	EndGlobalSection
	GlobalSection(ProjectConfigurationPlatforms) = postSolution
		{FBCC43D5-71CA-4FB3-900A-8F56271A96B6}.Debug|Any CPU.ActiveCfg = Debug|Any CPU
		{FBCC43D5-71CA-4FB3-900A-8F56271A96B6}.Debug|Any CPU.Build.0 = Debug|Any CPU
		{FBCC43D5-71CA-4FB3-900A-8F56271A96B6}.Release|Any CPU.ActiveCfg = Release|Any CPU
		{FBCC43D5-71CA-4FB3-900A-8F56271A96B6}.Release|Any CPU.Build.0 = Release|Any CPU
	EndGlobalSection
	GlobalSection(SolutionProperties) = preSolution
		HideSolutionNode = FALSE
	EndGlobalSection
	GlobalSection(ExtensibilityGlobals) = postSolution
		SolutionGuid = {42CD5B98-7673-4E3A-9B40-9A2013D911AC}
	EndGlobalSection
EndGlobal
